{
  "name": "knowledge",
  "version": "1.0.0",
  "lockfileVersion": 2,
  "requires": true,
  "packages": {
    "": {
      "name": "knowledge",
      "version": "1.0.0",
      "license": "MIT",
      "dependencies": {
        "docsify": "^4.12.1"
      }
    },
    "node_modules/docsify": {
      "version": "4.12.1",
      "resolved": "https://registry.npm.taobao.org/docsify/download/docsify-4.12.1.tgz",
      "integrity": "sha1-RsFaTBATlxhYNffmva171s0CiWs=",
      "dependencies": {
        "dompurify": "^2.2.6",
        "marked": "^1.2.9",
        "medium-zoom": "^1.0.6",
        "opencollective-postinstall": "^2.0.2",
        "prismjs": "^1.23.0",
        "strip-indent": "^3.0.0",
        "tinydate": "^1.3.0",
        "tweezer.js": "^1.4.0"
      }
    },
    "node_modules/dompurify": {
      "version": "2.3.3",
      "resolved": "https://registry.nlark.com/dompurify/download/dompurify-2.3.3.tgz?cache=0&sync_timestamp=1632141094906&other_urls=https%3A%2F%2Fregistry.nlark.com%2Fdompurify%2Fdownload%2Fdompurify-2.3.3.tgz",
      "integrity": "sha1-wa8+uIvkcyRDKWTYq8dc9LmNY0w="
    },
    "node_modules/marked": {
      "version": "1.2.9",
      "resolved": "https://registry.npmmirror.com/marked/download/marked-1.2.9.tgz?cache=0&sync_timestamp=1636778144089&other_urls=https%3A%2F%2Fregistry.npmmirror.com%2Fmarked%2Fdownload%2Fmarked-1.2.9.tgz",
      "integrity": "sha1-U3hviwXUwBoqWna30eyZQ9Kdctw=",
      "bin": {
        "marked": "bin/marked"
      },
      "engines": {
        "node": ">= 8.16.2"
      }
    },
    "node_modules/medium-zoom": {
      "version": "1.0.6",
      "resolved": "https://registry.npm.taobao.org/medium-zoom/download/medium-zoom-1.0.6.tgz",
      "integrity": "sha1-kkfyHKkxPYu+lCCsoVOkEN8I0Cc="
    },
    "node_modules/min-indent": {
      "version": "1.0.1",
      "resolved": "https://registry.nlark.com/min-indent/download/min-indent-1.0.1.tgz",
      "integrity": "sha1-pj9oFnOzBXH76LwlaGrnRu76mGk=",
      "engines": {
        "node": ">=4"
      }
    },
    "node_modules/opencollective-postinstall": {
      "version": "2.0.3",
      "resolved": "https://registry.npm.taobao.org/opencollective-postinstall/download/opencollective-postinstall-2.0.3.tgz",
      "integrity": "sha1-eg//l49tv6TQBiOPusmO1BmMMlk=",
      "bin": {
        "opencollective-postinstall": "index.js"
      }
    },
    "node_modules/prismjs": {
      "version": "1.25.0",
      "resolved": "https://registry.nlark.com/prismjs/download/prismjs-1.25.0.tgz",
      "integrity": "sha1-b4It8b2tllc0sxCzFaIzFc+Zl1Y="
    },
    "node_modules/strip-indent": {
      "version": "3.0.0",
      "resolved": "https://registry.nlark.com/strip-indent/download/strip-indent-3.0.0.tgz?cache=0&sync_timestamp=1620053310624&other_urls=https%3A%2F%2Fregistry.nlark.com%2Fstrip-indent%2Fdownload%2Fstrip-indent-3.0.0.tgz",
      "integrity": "sha1-wy4c7pQLazQyx3G8LFS8znPNMAE=",
      "dependencies": {
        "min-indent": "^1.0.0"
      },
      "engines": {
        "node": ">=8"
      }
    },
    "node_modules/tinydate": {
      "version": "1.3.0",
      "resolved": "https://registry.nlark.com/tinydate/download/tinydate-1.3.0.tgz",
      "integrity": "sha1-5sqOWiK1G7TqHDoqT9E1Lb1MV/s=",
      "engines": {
        "node": ">=4"
      }
    },
    "node_modules/tweezer.js": {
      "version": "1.5.0",
      "resolved": "https://registry.nlark.com/tweezer.js/download/tweezer.js-1.5.0.tgz",
      "integrity": "sha1-ylCsUhUCIgP9O+TShhfo4jBfXAw="
    }
  },
  "dependencies": {
    "docsify": {
      "version": "4.12.1",
      "resolved": "https://registry.npm.taobao.org/docsify/download/docsify-4.12.1.tgz",
      "integrity": "sha1-RsFaTBATlxhYNffmva171s0CiWs=",
      "requires": {
        "dompurify": "^2.2.6",
        "marked": "^1.2.9",
        "medium-zoom": "^1.0.6",
        "opencollective-postinstall": "^2.0.2",
        "prismjs": "^1.23.0",
        "strip-indent": "^3.0.0",
        "tinydate": "^1.3.0",
        "tweezer.js": "^1.4.0"
      }
    },
    "dompurify": {
      "version": "2.3.3",
      "resolved": "https://registry.nlark.com/dompurify/download/dompurify-2.3.3.tgz?cache=0&sync_timestamp=1632141094906&other_urls=https%3A%2F%2Fregistry.nlark.com%2Fdompurify%2Fdownload%2Fdompurify-2.3.3.tgz",
      "integrity": "sha1-wa8+uIvkcyRDKWTYq8dc9LmNY0w="
    },
    "marked": {
      "version": "1.2.9",
      "resolved": "https://registry.npmmirror.com/marked/download/marked-1.2.9.tgz?cache=0&sync_timestamp=1636778144089&other_urls=https%3A%2F%2Fregistry.npmmirror.com%2Fmarked%2Fdownload%2Fmarked-1.2.9.tgz",
      "integrity": "sha1-U3hviwXUwBoqWna30eyZQ9Kdctw="
    },
    "medium-zoom": {
      "version": "1.0.6",
      "resolved": "https://registry.npm.taobao.org/medium-zoom/download/medium-zoom-1.0.6.tgz",
      "integrity": "sha1-kkfyHKkxPYu+lCCsoVOkEN8I0Cc="
    },
    "min-indent": {
      "version": "1.0.1",
      "resolved": "https://registry.nlark.com/min-indent/download/min-indent-1.0.1.tgz",
      "integrity": "sha1-pj9oFnOzBXH76LwlaGrnRu76mGk="
    },
    "opencollective-postinstall": {
      "version": "2.0.3",
      "resolved": "https://registry.npm.taobao.org/opencollective-postinstall/download/opencollective-postinstall-2.0.3.tgz",
      "integrity": "sha1-eg//l49tv6TQBiOPusmO1BmMMlk="
    },
    "prismjs": {
      "version": "1.25.0",
      "resolved": "https://registry.nlark.com/prismjs/download/prismjs-1.25.0.tgz",
      "integrity": "sha1-b4It8b2tllc0sxCzFaIzFc+Zl1Y="
    },
    "strip-indent": {
      "version": "3.0.0",
      "resolved": "https://registry.nlark.com/strip-indent/download/strip-indent-3.0.0.tgz?cache=0&sync_timestamp=1620053310624&other_urls=https%3A%2F%2Fregistry.nlark.com%2Fstrip-indent%2Fdownload%2Fstrip-indent-3.0.0.tgz",
      "integrity": "sha1-wy4c7pQLazQyx3G8LFS8znPNMAE=",
      "requires": {
        "min-indent": "^1.0.0"
      }
    },
    "tinydate": {
      "version": "1.3.0",
      "resolved": "https://registry.nlark.com/tinydate/download/tinydate-1.3.0.tgz",
      "integrity": "sha1-5sqOWiK1G7TqHDoqT9E1Lb1MV/s="
    },
    "tweezer.js": {
      "version": "1.5.0",
      "resolved": "https://registry.nlark.com/tweezer.js/download/tweezer.js-1.5.0.tgz",
      "integrity": "sha1-ylCsUhUCIgP9O+TShhfo4jBfXAw="
    }
  }
}
